
Microsoft Visual Studio Solution File, Format Version 12.00
# Visual Studio Version 17
VisualStudioVersion = 17.4.33205.214
MinimumVisualStudioVersion = 10.0.40219.1
Project("{9A19103F-16F7-4668-BE54-9A1E7A4F7556}") = "ApiPedidos.Services", "ApiPedidos.Services\ApiPedidos.Services.csproj", "{1C04D8F9-E747-42AE-A889-F35E21470578}"
EndProject
Project("{2150E333-8FDC-42A3-9474-1A3956D46DE8}") = "API", "API", "{CD34F68C-7B0A-4AD8-9784-C99D4E480415}"
EndProject
Project("{2150E333-8FDC-42A3-9474-1A3956D46DE8}") = "DDD", "DDD", "{FAF1DD2F-C95D-4E67-B097-7EEFB6734BA3}"
EndProject
Project("{2150E333-8FDC-42A3-9474-1A3956D46DE8}") = "TDD", "TDD", "{527373F4-4577-4BF7-AA69-12A836F4DBC4}"
EndProject
Project("{2150E333-8FDC-42A3-9474-1A3956D46DE8}") = "Application", "Application", "{F4FFE316-6035-4941-8347-527BB6A8B173}"
EndProject
Project("{2150E333-8FDC-42A3-9474-1A3956D46DE8}") = "Domain", "Domain", "{71CC8870-882B-4E28-A104-1BBEE1DC775A}"
EndProject
Project("{2150E333-8FDC-42A3-9474-1A3956D46DE8}") = "Infrastructure", "Infrastructure", "{A3CF3868-1876-4A50-B76C-AAF7E1BBF532}"
EndProject
Project("{9A19103F-16F7-4668-BE54-9A1E7A4F7556}") = "ApiPedidos.Application", "ApiPedidos.Application\ApiPedidos.Application.csproj", "{E5246895-9DE2-4AD7-8CAF-4E6A82D0566F}"
EndProject
Project("{9A19103F-16F7-4668-BE54-9A1E7A4F7556}") = "ApiPedidos.Infra.EventBus", "ApiPedidos.Infra.EventBus\ApiPedidos.Infra.EventBus.csproj", "{E8E61ACE-DE34-46A7-8686-257287A3FA56}"
EndProject
Project("{9A19103F-16F7-4668-BE54-9A1E7A4F7556}") = "ApiPedidos.Domain", "ApiPedidos.Domain\ApiPedidos.Domain.csproj", "{ABCA560B-7D50-4A5F-A6D4-FE79A4395080}"
EndProject
Project("{9A19103F-16F7-4668-BE54-9A1E7A4F7556}") = "ApiPedidos.Infra.Data", "ApiPedidos.Infra.Data\ApiPedidos.Infra.Data.csproj", "{F21FBEB4-BD0C-48BE-85EB-D9283941F7ED}"
EndProject
Project("{FAE04EC0-301F-11D3-BF4B-00C04F79EFBC}") = "ApiPedidos.Test", "ApiPedidos.Test\ApiPedidos.Test.csproj", "{65B622B6-D72B-4CD7-9844-00066740547B}"
EndProject
Global
	GlobalSection(SolutionConfigurationPlatforms) = preSolution
		Debug|Any CPU = Debug|Any CPU
		Release|Any CPU = Release|Any CPU
	EndGlobalSection
	GlobalSection(ProjectConfigurationPlatforms) = postSolution
		{1C04D8F9-E747-42AE-A889-F35E21470578}.Debug|Any CPU.ActiveCfg = Debug|Any CPU
		{1C04D8F9-E747-42AE-A889-F35E21470578}.Debug|Any CPU.Build.0 = Debug|Any CPU
		{1C04D8F9-E747-42AE-A889-F35E21470578}.Release|Any CPU.ActiveCfg = Release|Any CPU
		{1C04D8F9-E747-42AE-A889-F35E21470578}.Release|Any CPU.Build.0 = Release|Any CPU
		{E5246895-9DE2-4AD7-8CAF-4E6A82D0566F}.Debug|Any CPU.ActiveCfg = Debug|Any CPU
		{E5246895-9DE2-4AD7-8CAF-4E6A82D0566F}.Debug|Any CPU.Build.0 = Debug|Any CPU
		{E5246895-9DE2-4AD7-8CAF-4E6A82D0566F}.Release|Any CPU.ActiveCfg = Release|Any CPU
		{E5246895-9DE2-4AD7-8CAF-4E6A82D0566F}.Release|Any CPU.Build.0 = Release|Any CPU
		{E8E61ACE-DE34-46A7-8686-257287A3FA56}.Debug|Any CPU.ActiveCfg = Debug|Any CPU
		{E8E61ACE-DE34-46A7-8686-257287A3FA56}.Debug|Any CPU.Build.0 = Debug|Any CPU
		{E8E61ACE-DE34-46A7-8686-257287A3FA56}.Release|Any CPU.ActiveCfg = Release|Any CPU
		{E8E61ACE-DE34-46A7-8686-257287A3FA56}.Release|Any CPU.Build.0 = Release|Any CPU
		{ABCA560B-7D50-4A5F-A6D4-FE79A4395080}.Debug|Any CPU.ActiveCfg = Debug|Any CPU
		{ABCA560B-7D50-4A5F-A6D4-FE79A4395080}.Debug|Any CPU.Build.0 = Debug|Any CPU
		{ABCA560B-7D50-4A5F-A6D4-FE79A4395080}.Release|Any CPU.ActiveCfg = Release|Any CPU
		{ABCA560B-7D50-4A5F-A6D4-FE79A4395080}.Release|Any CPU.Build.0 = Release|Any CPU
		{F21FBEB4-BD0C-48BE-85EB-D9283941F7ED}.Debug|Any CPU.ActiveCfg = Debug|Any CPU
		{F21FBEB4-BD0C-48BE-85EB-D9283941F7ED}.Debug|Any CPU.Build.0 = Debug|Any CPU
		{F21FBEB4-BD0C-48BE-85EB-D9283941F7ED}.Release|Any CPU.ActiveCfg = Release|Any CPU
		{F21FBEB4-BD0C-48BE-85EB-D9283941F7ED}.Release|Any CPU.Build.0 = Release|Any CPU
		{65B622B6-D72B-4CD7-9844-00066740547B}.Debug|Any CPU.ActiveCfg = Debug|Any CPU
		{65B622B6-D72B-4CD7-9844-00066740547B}.Debug|Any CPU.Build.0 = Debug|Any CPU
		{65B622B6-D72B-4CD7-9844-00066740547B}.Release|Any CPU.ActiveCfg = Release|Any CPU
		{65B622B6-D72B-4CD7-9844-00066740547B}.Release|Any CPU.Build.0 = Release|Any CPU
	EndGlobalSection
	GlobalSection(SolutionProperties) = preSolution
		HideSolutionNode = FALSE
	EndGlobalSection
	GlobalSection(NestedProjects) = preSolution
		{1C04D8F9-E747-42AE-A889-F35E21470578} = {CD34F68C-7B0A-4AD8-9784-C99D4E480415}
		{F4FFE316-6035-4941-8347-527BB6A8B173} = {FAF1DD2F-C95D-4E67-B097-7EEFB6734BA3}
		{71CC8870-882B-4E28-A104-1BBEE1DC775A} = {FAF1DD2F-C95D-4E67-B097-7EEFB6734BA3}
		{A3CF3868-1876-4A50-B76C-AAF7E1BBF532} = {FAF1DD2F-C95D-4E67-B097-7EEFB6734BA3}
		{E5246895-9DE2-4AD7-8CAF-4E6A82D0566F} = {F4FFE316-6035-4941-8347-527BB6A8B173}
		{E8E61ACE-DE34-46A7-8686-257287A3FA56} = {A3CF3868-1876-4A50-B76C-AAF7E1BBF532}
		{ABCA560B-7D50-4A5F-A6D4-FE79A4395080} = {71CC8870-882B-4E28-A104-1BBEE1DC775A}
		{F21FBEB4-BD0C-48BE-85EB-D9283941F7ED} = {A3CF3868-1876-4A50-B76C-AAF7E1BBF532}
		{65B622B6-D72B-4CD7-9844-00066740547B} = {527373F4-4577-4BF7-AA69-12A836F4DBC4}
	EndGlobalSection
	GlobalSection(ExtensibilityGlobals) = postSolution
		SolutionGuid = {BDD25B21-7983-4EA1-AAE5-8FC942AD948A}
	EndGlobalSection
EndGlobal
